// !$*UTF8*$!
{
	archiveVersion = 1;
	classes = {
	};
	objectVersion = 55;
	objects = {

/* Begin PBXBuildFile section */
		142EAD0B8C2D7059F555BEC9 /* TuistAssets+PiCKIOSADMIN.swift in Sources */ = {isa = PBXBuildFile; fileRef = 5C8BB4248F23FF05536E70EB /* TuistAssets+PiCKIOSADMIN.swift */; };
		190C046AB5BBB2664ED0F791 /* SceneDelegate.swift in Sources */ = {isa = PBXBuildFile; fileRef = 0F2F490D8ABE6E392F6A0FA6 /* SceneDelegate.swift */; };
		34188B2DD8E25E47AF7F91A2 /* Launch Screen.storyboard in Resources */ = {isa = PBXBuildFile; fileRef = 5606390142F6FBBB713DBCB3 /* Launch Screen.storyboard */; };
		620A77389C1C24445F253687 /* TuistBundle+PiCKIOSADMIN.swift in Sources */ = {isa = PBXBuildFile; fileRef = 8CBCED108BCFDF389A92C1DD /* TuistBundle+PiCKIOSADMIN.swift */; };
		A23EE9B1A17FDE20F09FDAAE /* PiCKIOSADMINTests.swift in Sources */ = {isa = PBXBuildFile; fileRef = 289346486C8AD728BFFA6F79 /* PiCKIOSADMINTests.swift */; };
		DE6F974337239BE777E5C987 /* AppDelegate.swift in Sources */ = {isa = PBXBuildFile; fileRef = 1228EFFDD80D03A56B33A065 /* AppDelegate.swift */; };
		FF6BE6DA4D07CBA122457323 /* Assets.xcassets in Resources */ = {isa = PBXBuildFile; fileRef = AA17A791B13A08DE7CA16DE5 /* Assets.xcassets */; };
/* End PBXBuildFile section */

/* Begin PBXContainerItemProxy section */
		C8BE20DA298410EC2E9B791B /* PBXContainerItemProxy */ = {
			isa = PBXContainerItemProxy;
			containerPortal = C3654F9E493C6B9C7B57F16A /* Project object */;
			proxyType = 1;
			remoteGlobalIDString = DCFB0ABD70A991030E4C4980;
			remoteInfo = PiCK_iOS_ADMIN;
		};
/* End PBXContainerItemProxy section */

/* Begin PBXCopyFilesBuildPhase section */
		0701899E91E330D2C0FA5767 /* Embed Frameworks */ = {
			isa = PBXCopyFilesBuildPhase;
			buildActionMask = 2147483647;
			dstPath = "";
			dstSubfolderSpec = 10;
			files = (
			);
			name = "Embed Frameworks";
			runOnlyForDeploymentPostprocessing = 0;
		};
		DE8BDB7D818F2F2F6FEB9A10 /* Embed Frameworks */ = {
			isa = PBXCopyFilesBuildPhase;
			buildActionMask = 2147483647;
			dstPath = "";
			dstSubfolderSpec = 10;
			files = (
			);
			name = "Embed Frameworks";
			runOnlyForDeploymentPostprocessing = 0;
		};
/* End PBXCopyFilesBuildPhase section */

/* Begin PBXFileReference section */
		03191FF39801D8715A9AB7C2 /* PiCK_iOS_ADMIN-Info.plist */ = {isa = PBXFileReference; lastKnownFileType = text.plist; path = "PiCK_iOS_ADMIN-Info.plist"; sourceTree = "<group>"; };
		0F2F490D8ABE6E392F6A0FA6 /* SceneDelegate.swift */ = {isa = PBXFileReference; lastKnownFileType = sourcecode.swift; path = SceneDelegate.swift; sourceTree = "<group>"; };
		10A310134BEF3A8AA8744DB7 /* PiCK_iOS_ADMINTests-Info.plist */ = {isa = PBXFileReference; lastKnownFileType = text.plist; path = "PiCK_iOS_ADMINTests-Info.plist"; sourceTree = "<group>"; };
		1228EFFDD80D03A56B33A065 /* AppDelegate.swift */ = {isa = PBXFileReference; lastKnownFileType = sourcecode.swift; path = AppDelegate.swift; sourceTree = "<group>"; };
		14FA17C97D368A95C4DE1516 /* PiCK_iOS_ADMIN.app */ = {isa = PBXFileReference; explicitFileType = wrapper.application; includeInIndex = 0; path = PiCK_iOS_ADMIN.app; sourceTree = BUILT_PRODUCTS_DIR; };
		289346486C8AD728BFFA6F79 /* PiCKIOSADMINTests.swift */ = {isa = PBXFileReference; lastKnownFileType = sourcecode.swift; path = PiCKIOSADMINTests.swift; sourceTree = "<group>"; };
		3246913DB2C3404D74D34EE2 /* PiCK_iOS_ADMINTests.xctest */ = {isa = PBXFileReference; explicitFileType = wrapper.cfbundle; includeInIndex = 0; path = PiCK_iOS_ADMINTests.xctest; sourceTree = BUILT_PRODUCTS_DIR; };
		5606390142F6FBBB713DBCB3 /* Launch Screen.storyboard */ = {isa = PBXFileReference; lastKnownFileType = file.storyboard; path = "Launch Screen.storyboard"; sourceTree = "<group>"; };
		5C8BB4248F23FF05536E70EB /* TuistAssets+PiCKIOSADMIN.swift */ = {isa = PBXFileReference; lastKnownFileType = sourcecode.swift; path = "TuistAssets+PiCKIOSADMIN.swift"; sourceTree = "<group>"; };
		8CBCED108BCFDF389A92C1DD /* TuistBundle+PiCKIOSADMIN.swift */ = {isa = PBXFileReference; lastKnownFileType = sourcecode.swift; path = "TuistBundle+PiCKIOSADMIN.swift"; sourceTree = "<group>"; };
		AA17A791B13A08DE7CA16DE5 /* Assets.xcassets */ = {isa = PBXFileReference; lastKnownFileType = folder.assetcatalog; path = Assets.xcassets; sourceTree = "<group>"; };
/* End PBXFileReference section */

/* Begin PBXFrameworksBuildPhase section */
		606993E9BC9C7C2B36865B40 /* Frameworks */ = {
			isa = PBXFrameworksBuildPhase;
			buildActionMask = 2147483647;
			files = (
			);
			runOnlyForDeploymentPostprocessing = 0;
		};
		8CCBE5006BAA0942A6453E84 /* Frameworks */ = {
			isa = PBXFrameworksBuildPhase;
			buildActionMask = 2147483647;
			files = (
			);
			runOnlyForDeploymentPostprocessing = 0;
		};
/* End PBXFrameworksBuildPhase section */

/* Begin PBXGroup section */
		00B854A24BEFEBD4B7EAE012 /* Sources */ = {
			isa = PBXGroup;
			children = (
				1228EFFDD80D03A56B33A065 /* AppDelegate.swift */,
				0F2F490D8ABE6E392F6A0FA6 /* SceneDelegate.swift */,
			);
			path = Sources;
			sourceTree = "<group>";
		};
		043553BB03E69474D6E2E93D /* Sources */ = {
			isa = PBXGroup;
			children = (
				5C8BB4248F23FF05536E70EB /* TuistAssets+PiCKIOSADMIN.swift */,
				8CBCED108BCFDF389A92C1DD /* TuistBundle+PiCKIOSADMIN.swift */,
			);
			path = Sources;
			sourceTree = "<group>";
		};
		046FF8EC8E2961597B4C928C /* PiCK_iOS_ADMIN */ = {
			isa = PBXGroup;
			children = (
				5A9FE8CE402531480D939A2C /* Resources */,
				00B854A24BEFEBD4B7EAE012 /* Sources */,
				0A9BDF5B0BE09F831021A3B5 /* Tests */,
			);
			path = PiCK_iOS_ADMIN;
			sourceTree = "<group>";
		};
		0A9BDF5B0BE09F831021A3B5 /* Tests */ = {
			isa = PBXGroup;
			children = (
				289346486C8AD728BFFA6F79 /* PiCKIOSADMINTests.swift */,
			);
			path = Tests;
			sourceTree = "<group>";
		};
		3162187824B8BF89B7FC90EA /* InfoPlists */ = {
			isa = PBXGroup;
			children = (
				03191FF39801D8715A9AB7C2 /* PiCK_iOS_ADMIN-Info.plist */,
				10A310134BEF3A8AA8744DB7 /* PiCK_iOS_ADMINTests-Info.plist */,
			);
			path = InfoPlists;
			sourceTree = "<group>";
		};
		56B758B1CAD55D71C0175749 /* Derived */ = {
			isa = PBXGroup;
			children = (
				3162187824B8BF89B7FC90EA /* InfoPlists */,
				043553BB03E69474D6E2E93D /* Sources */,
			);
			path = Derived;
			sourceTree = "<group>";
		};
		56EE9E3AEAD102BD2C1FE9D4 = {
			isa = PBXGroup;
			children = (
				EA60883ED639163943EE1261 /* Project */,
				9BA334471F74026842F96EB2 /* Products */,
			);
			sourceTree = "<group>";
		};
		5A9FE8CE402531480D939A2C /* Resources */ = {
			isa = PBXGroup;
			children = (
				AA17A791B13A08DE7CA16DE5 /* Assets.xcassets */,
				5606390142F6FBBB713DBCB3 /* Launch Screen.storyboard */,
			);
			path = Resources;
			sourceTree = "<group>";
		};
		9BA334471F74026842F96EB2 /* Products */ = {
			isa = PBXGroup;
			children = (
				14FA17C97D368A95C4DE1516 /* PiCK_iOS_ADMIN.app */,
				3246913DB2C3404D74D34EE2 /* PiCK_iOS_ADMINTests.xctest */,
			);
			name = Products;
			sourceTree = "<group>";
		};
		EA60883ED639163943EE1261 /* Project */ = {
			isa = PBXGroup;
			children = (
				56B758B1CAD55D71C0175749 /* Derived */,
				046FF8EC8E2961597B4C928C /* PiCK_iOS_ADMIN */,
			);
			name = Project;
			sourceTree = "<group>";
		};
/* End PBXGroup section */

/* Begin PBXNativeTarget section */
		DCFB0ABD70A991030E4C4980 /* PiCK_iOS_ADMIN */ = {
			isa = PBXNativeTarget;
			buildConfigurationList = 33DE6E44B38754F3C959A0D7 /* Build configuration list for PBXNativeTarget "PiCK_iOS_ADMIN" */;
			buildPhases = (
				40CF8233947259C1F27CF792 /* Sources */,
				BFF75C579511885C2AF0DD24 /* Resources */,
				DE8BDB7D818F2F2F6FEB9A10 /* Embed Frameworks */,
				606993E9BC9C7C2B36865B40 /* Frameworks */,
			);
			buildRules = (
			);
			dependencies = (
			);
			name = PiCK_iOS_ADMIN;
			packageProductDependencies = (
			);
			productName = PiCK_iOS_ADMIN;
			productReference = 14FA17C97D368A95C4DE1516 /* PiCK_iOS_ADMIN.app */;
			productType = "com.apple.product-type.application";
		};
		F68958E807700C5C56ABCA2F /* PiCK_iOS_ADMINTests */ = {
			isa = PBXNativeTarget;
			buildConfigurationList = 5FFC4EF5A1DA097B2ACBABA7 /* Build configuration list for PBXNativeTarget "PiCK_iOS_ADMINTests" */;
			buildPhases = (
				9B7FD6AC8ABC32E7034A185B /* Sources */,
				8A8031B4607D6F3A12FFE0EF /* Resources */,
				0701899E91E330D2C0FA5767 /* Embed Frameworks */,
				8CCBE5006BAA0942A6453E84 /* Frameworks */,
			);
			buildRules = (
			);
			dependencies = (
				0DB5C90018F7A1D478E8C6A6 /* PBXTargetDependency */,
			);
			name = PiCK_iOS_ADMINTests;
			packageProductDependencies = (
			);
			productName = PiCK_iOS_ADMINTests;
			productReference = 3246913DB2C3404D74D34EE2 /* PiCK_iOS_ADMINTests.xctest */;
			productType = "com.apple.product-type.bundle.unit-test";
		};
/* End PBXNativeTarget section */

/* Begin PBXProject section */
		C3654F9E493C6B9C7B57F16A /* Project object */ = {
			isa = PBXProject;
			attributes = {
				BuildIndependentTargetsInParallel = YES;
				TargetAttributes = {
					F68958E807700C5C56ABCA2F = {
						TestTargetID = DCFB0ABD70A991030E4C4980;
					};
				};
			};
			buildConfigurationList = 077EBB0F42A768A99F24883E /* Build configuration list for PBXProject "PiCK_iOS_ADMIN" */;
			compatibilityVersion = "Xcode 14.0";
			developmentRegion = en;
			hasScannedForEncodings = 0;
			knownRegions = (
				Base,
				en,
			);
			mainGroup = 56EE9E3AEAD102BD2C1FE9D4;
			productRefGroup = 9BA334471F74026842F96EB2 /* Products */;
			projectDirPath = "";
			projectRoot = "";
			targets = (
				DCFB0ABD70A991030E4C4980 /* PiCK_iOS_ADMIN */,
				F68958E807700C5C56ABCA2F /* PiCK_iOS_ADMINTests */,
			);
		};
/* End PBXProject section */

/* Begin PBXResourcesBuildPhase section */
		8A8031B4607D6F3A12FFE0EF /* Resources */ = {
			isa = PBXResourcesBuildPhase;
			buildActionMask = 2147483647;
			files = (
			);
			runOnlyForDeploymentPostprocessing = 0;
		};
		BFF75C579511885C2AF0DD24 /* Resources */ = {
			isa = PBXResourcesBuildPhase;
			buildActionMask = 2147483647;
			files = (
				FF6BE6DA4D07CBA122457323 /* Assets.xcassets in Resources */,
				34188B2DD8E25E47AF7F91A2 /* Launch Screen.storyboard in Resources */,
			);
			runOnlyForDeploymentPostprocessing = 0;
		};
/* End PBXResourcesBuildPhase section */

/* Begin PBXSourcesBuildPhase section */
		40CF8233947259C1F27CF792 /* Sources */ = {
			isa = PBXSourcesBuildPhase;
			buildActionMask = 2147483647;
			files = (
				142EAD0B8C2D7059F555BEC9 /* TuistAssets+PiCKIOSADMIN.swift in Sources */,
				620A77389C1C24445F253687 /* TuistBundle+PiCKIOSADMIN.swift in Sources */,
				DE6F974337239BE777E5C987 /* AppDelegate.swift in Sources */,
				190C046AB5BBB2664ED0F791 /* SceneDelegate.swift in Sources */,
			);
			runOnlyForDeploymentPostprocessing = 0;
		};
		9B7FD6AC8ABC32E7034A185B /* Sources */ = {
			isa = PBXSourcesBuildPhase;
			buildActionMask = 2147483647;
			files = (
				A23EE9B1A17FDE20F09FDAAE /* PiCKIOSADMINTests.swift in Sources */,
			);
			runOnlyForDeploymentPostprocessing = 0;
		};
/* End PBXSourcesBuildPhase section */

/* Begin PBXTargetDependency section */
		0DB5C90018F7A1D478E8C6A6 /* PBXTargetDependency */ = {
			isa = PBXTargetDependency;
			name = PiCK_iOS_ADMIN;
			target = DCFB0ABD70A991030E4C4980 /* PiCK_iOS_ADMIN */;
			targetProxy = C8BE20DA298410EC2E9B791B /* PBXContainerItemProxy */;
		};
/* End PBXTargetDependency section */

/* Begin XCBuildConfiguration section */
		019E19D01D6B277488761652 /* Debug */ = {
			isa = XCBuildConfiguration;
			buildSettings = {
				ASSETCATALOG_COMPILER_APPICON_NAME = AppIcon;
				CODE_SIGN_IDENTITY = "iPhone Developer";
				ENABLE_PREVIEWS = YES;
				INFOPLIST_FILE = "Derived/InfoPlists/PiCK_iOS_ADMIN-Info.plist";
				LD_RUNPATH_SEARCH_PATHS = (
					"$(inherited)",
					"@executable_path/Frameworks",
				);
				PRODUCT_BUNDLE_IDENTIFIER = "io.tuist.PiCK-iOS-ADMIN";
				PRODUCT_NAME = PiCK_iOS_ADMIN;
				SDKROOT = iphoneos;
				SUPPORTS_MACCATALYST = NO;
				SUPPORTS_MAC_DESIGNED_FOR_IPHONE_IPAD = YES;
				SUPPORTS_XR_DESIGNED_FOR_IPHONE_IPAD = NO;
				SWIFT_ACTIVE_COMPILATION_CONDITIONS = (
					"$(inherited)",
					DEBUG,
				);
				SWIFT_COMPILATION_MODE = singlefile;
				SWIFT_OPTIMIZATION_LEVEL = "-Onone";
				SWIFT_VERSION = 5.0;
				TARGETED_DEVICE_FAMILY = "1,2";
			};
			name = Debug;
		};
		8B226469B9D461DDBDCBF543 /* Release */ = {
			isa = XCBuildConfiguration;
			buildSettings = {
				ASSETCATALOG_COMPILER_APPICON_NAME = AppIcon;
				CODE_SIGN_IDENTITY = "iPhone Developer";
				ENABLE_PREVIEWS = YES;
				INFOPLIST_FILE = "Derived/InfoPlists/PiCK_iOS_ADMIN-Info.plist";
				LD_RUNPATH_SEARCH_PATHS = (
					"$(inherited)",
					"@executable_path/Frameworks",
				);
				PRODUCT_BUNDLE_IDENTIFIER = "io.tuist.PiCK-iOS-ADMIN";
				PRODUCT_NAME = PiCK_iOS_ADMIN;
				SDKROOT = iphoneos;
				SUPPORTS_MACCATALYST = NO;
				SUPPORTS_MAC_DESIGNED_FOR_IPHONE_IPAD = YES;
				SUPPORTS_XR_DESIGNED_FOR_IPHONE_IPAD = NO;
				SWIFT_COMPILATION_MODE = wholemodule;
				SWIFT_OPTIMIZATION_LEVEL = "-Owholemodule";
				SWIFT_VERSION = 5.0;
				TARGETED_DEVICE_FAMILY = "1,2";
			};
			name = Release;
		};
		9C98C763501F614F85BFFA1E /* Release */ = {
			isa = XCBuildConfiguration;
			buildSettings = {
				BUNDLE_LOADER = "$(TEST_HOST)";
				CODE_SIGN_IDENTITY = "iPhone Developer";
				INFOPLIST_FILE = "Derived/InfoPlists/PiCK_iOS_ADMINTests-Info.plist";
				LD_RUNPATH_SEARCH_PATHS = (
					"$(inherited)",
					"@executable_path/Frameworks",
					"@loader_path/Frameworks",
				);
				PRODUCT_BUNDLE_IDENTIFIER = "io.tuist.PiCK-iOS-ADMINTests";
				PRODUCT_NAME = PiCK_iOS_ADMINTests;
				SDKROOT = iphoneos;
				SUPPORTS_MACCATALYST = NO;
				SUPPORTS_MAC_DESIGNED_FOR_IPHONE_IPAD = YES;
				SUPPORTS_XR_DESIGNED_FOR_IPHONE_IPAD = NO;
				SWIFT_COMPILATION_MODE = wholemodule;
				SWIFT_OPTIMIZATION_LEVEL = "-Owholemodule";
				SWIFT_VERSION = 5.0;
				TARGETED_DEVICE_FAMILY = "1,2";
				TEST_HOST = "$(BUILT_PRODUCTS_DIR)/PiCK_iOS_ADMIN.app/$(BUNDLE_EXECUTABLE_FOLDER_PATH)/PiCK_iOS_ADMIN";
				TEST_TARGET_NAME = PiCK_iOS_ADMIN;
			};
			name = Release;
		};
		AEC1090360B63227C4927D3D /* Release */ = {
			isa = XCBuildConfiguration;
			buildSettings = {
				ALWAYS_SEARCH_USER_PATHS = NO;
				CLANG_ANALYZER_LOCALIZABILITY_NONLOCALIZED = YES;
				CLANG_ANALYZER_NONNULL = YES;
				CLANG_ANALYZER_NUMBER_OBJECT_CONVERSION = YES_AGGRESSIVE;
				CLANG_CXX_LANGUAGE_STANDARD = "gnu++14";
				CLANG_CXX_LIBRARY = "libc++";
				CLANG_ENABLE_MODULES = YES;
				CLANG_ENABLE_OBJC_ARC = YES;
				CLANG_ENABLE_OBJC_WEAK = YES;
				CLANG_WARN_BLOCK_CAPTURE_AUTORELEASING = YES;
				CLANG_WARN_BOOL_CONVERSION = YES;
				CLANG_WARN_COMMA = YES;
				CLANG_WARN_CONSTANT_CONVERSION = YES;
				CLANG_WARN_DEPRECATED_OBJC_IMPLEMENTATIONS = YES;
				CLANG_WARN_DIRECT_OBJC_ISA_USAGE = YES_ERROR;
				CLANG_WARN_DOCUMENTATION_COMMENTS = YES;
				CLANG_WARN_EMPTY_BODY = YES;
				CLANG_WARN_ENUM_CONVERSION = YES;
				CLANG_WARN_INFINITE_RECURSION = YES;
				CLANG_WARN_INT_CONVERSION = YES;
				CLANG_WARN_NON_LITERAL_NULL_CONVERSION = YES;
				CLANG_WARN_OBJC_IMPLICIT_RETAIN_SELF = YES;
				CLANG_WARN_OBJC_LITERAL_CONVERSION = YES;
				CLANG_WARN_OBJC_ROOT_CLASS = YES_ERROR;
				CLANG_WARN_QUOTED_INCLUDE_IN_FRAMEWORK_HEADER = YES;
				CLANG_WARN_RANGE_LOOP_ANALYSIS = YES;
				CLANG_WARN_STRICT_PROTOTYPES = YES;
				CLANG_WARN_SUSPICIOUS_MOVE = YES;
				CLANG_WARN_UNGUARDED_AVAILABILITY = YES_AGGRESSIVE;
				CLANG_WARN_UNREACHABLE_CODE = YES;
				CLANG_WARN__DUPLICATE_METHOD_MATCH = YES;
				COPY_PHASE_STRIP = NO;
				DEAD_CODE_STRIPPING = YES;
				DEBUG_INFORMATION_FORMAT = "dwarf-with-dsym";
				ENABLE_NS_ASSERTIONS = NO;
				ENABLE_STRICT_OBJC_MSGSEND = YES;
				GCC_C_LANGUAGE_STANDARD = gnu11;
				GCC_NO_COMMON_BLOCKS = YES;
				GCC_WARN_64_TO_32_BIT_CONVERSION = YES;
				GCC_WARN_ABOUT_RETURN_TYPE = YES_ERROR;
				GCC_WARN_UNDECLARED_SELECTOR = YES;
				GCC_WARN_UNINITIALIZED_AUTOS = YES_AGGRESSIVE;
				GCC_WARN_UNUSED_FUNCTION = YES;
				GCC_WARN_UNUSED_VARIABLE = YES;
				MTL_ENABLE_DEBUG_INFO = NO;
				PRODUCT_NAME = "$(TARGET_NAME)";
				VALIDATE_PRODUCT = YES;
			};
			name = Release;
		};
		BB8D482D869187AF8679DD26 /* Debug */ = {
			isa = XCBuildConfiguration;
			buildSettings = {
				ALWAYS_SEARCH_USER_PATHS = NO;
				CLANG_ANALYZER_LOCALIZABILITY_NONLOCALIZED = YES;
				CLANG_ANALYZER_NONNULL = YES;
				CLANG_ANALYZER_NUMBER_OBJECT_CONVERSION = YES_AGGRESSIVE;
				CLANG_CXX_LANGUAGE_STANDARD = "gnu++14";
				CLANG_CXX_LIBRARY = "libc++";
				CLANG_ENABLE_MODULES = YES;
				CLANG_ENABLE_OBJC_ARC = YES;
				CLANG_ENABLE_OBJC_WEAK = YES;
				CLANG_WARN_BLOCK_CAPTURE_AUTORELEASING = YES;
				CLANG_WARN_BOOL_CONVERSION = YES;
				CLANG_WARN_COMMA = YES;
				CLANG_WARN_CONSTANT_CONVERSION = YES;
				CLANG_WARN_DEPRECATED_OBJC_IMPLEMENTATIONS = YES;
				CLANG_WARN_DIRECT_OBJC_ISA_USAGE = YES_ERROR;
				CLANG_WARN_DOCUMENTATION_COMMENTS = YES;
				CLANG_WARN_EMPTY_BODY = YES;
				CLANG_WARN_ENUM_CONVERSION = YES;
				CLANG_WARN_INFINITE_RECURSION = YES;
				CLANG_WARN_INT_CONVERSION = YES;
				CLANG_WARN_NON_LITERAL_NULL_CONVERSION = YES;
				CLANG_WARN_OBJC_IMPLICIT_RETAIN_SELF = YES;
				CLANG_WARN_OBJC_LITERAL_CONVERSION = YES;
				CLANG_WARN_OBJC_ROOT_CLASS = YES_ERROR;
				CLANG_WARN_QUOTED_INCLUDE_IN_FRAMEWORK_HEADER = YES;
				CLANG_WARN_RANGE_LOOP_ANALYSIS = YES;
				CLANG_WARN_STRICT_PROTOTYPES = YES;
				CLANG_WARN_SUSPICIOUS_MOVE = YES;
				CLANG_WARN_UNGUARDED_AVAILABILITY = YES_AGGRESSIVE;
				CLANG_WARN_UNREACHABLE_CODE = YES;
				CLANG_WARN__DUPLICATE_METHOD_MATCH = YES;
				COPY_PHASE_STRIP = NO;
				DEAD_CODE_STRIPPING = YES;
				DEBUG_INFORMATION_FORMAT = dwarf;
				ENABLE_STRICT_OBJC_MSGSEND = YES;
				ENABLE_TESTABILITY = YES;
				GCC_C_LANGUAGE_STANDARD = gnu11;
				GCC_DYNAMIC_NO_PIC = NO;
				GCC_NO_COMMON_BLOCKS = YES;
				GCC_OPTIMIZATION_LEVEL = 0;
				GCC_PREPROCESSOR_DEFINITIONS = (
					"DEBUG=1",
					"$(inherited)",
				);
				GCC_WARN_64_TO_32_BIT_CONVERSION = YES;
				GCC_WARN_ABOUT_RETURN_TYPE = YES_ERROR;
				GCC_WARN_UNDECLARED_SELECTOR = YES;
				GCC_WARN_UNINITIALIZED_AUTOS = YES_AGGRESSIVE;
				GCC_WARN_UNUSED_FUNCTION = YES;
				GCC_WARN_UNUSED_VARIABLE = YES;
				MTL_ENABLE_DEBUG_INFO = YES;
				ONLY_ACTIVE_ARCH = YES;
				PRODUCT_NAME = "$(TARGET_NAME)";
			};
			name = Debug;
		};
		DAE90E6ADB2588BD2D5B2794 /* Debug */ = {
			isa = XCBuildConfiguration;
			buildSettings = {
				BUNDLE_LOADER = "$(TEST_HOST)";
				CODE_SIGN_IDENTITY = "iPhone Developer";
				INFOPLIST_FILE = "Derived/InfoPlists/PiCK_iOS_ADMINTests-Info.plist";
				LD_RUNPATH_SEARCH_PATHS = (
					"$(inherited)",
					"@executable_path/Frameworks",
					"@loader_path/Frameworks",
				);
				PRODUCT_BUNDLE_IDENTIFIER = "io.tuist.PiCK-iOS-ADMINTests";
				PRODUCT_NAME = PiCK_iOS_ADMINTests;
				SDKROOT = iphoneos;
				SUPPORTS_MACCATALYST = NO;
				SUPPORTS_MAC_DESIGNED_FOR_IPHONE_IPAD = YES;
				SUPPORTS_XR_DESIGNED_FOR_IPHONE_IPAD = NO;
				SWIFT_ACTIVE_COMPILATION_CONDITIONS = (
					"$(inherited)",
					DEBUG,
				);
				SWIFT_COMPILATION_MODE = singlefile;
				SWIFT_OPTIMIZATION_LEVEL = "-Onone";
				SWIFT_VERSION = 5.0;
				TARGETED_DEVICE_FAMILY = "1,2";
				TEST_HOST = "$(BUILT_PRODUCTS_DIR)/PiCK_iOS_ADMIN.app/$(BUNDLE_EXECUTABLE_FOLDER_PATH)/PiCK_iOS_ADMIN";
				TEST_TARGET_NAME = PiCK_iOS_ADMIN;
			};
			name = Debug;
		};
/* End XCBuildConfiguration section */

/* Begin XCConfigurationList section */
		077EBB0F42A768A99F24883E /* Build configuration list for PBXProject "PiCK_iOS_ADMIN" */ = {
			isa = XCConfigurationList;
			buildConfigurations = (
				BB8D482D869187AF8679DD26 /* Debug */,
				AEC1090360B63227C4927D3D /* Release */,
			);
			defaultConfigurationIsVisible = 0;
			defaultConfigurationName = Release;
		};
		33DE6E44B38754F3C959A0D7 /* Build configuration list for PBXNativeTarget "PiCK_iOS_ADMIN" */ = {
			isa = XCConfigurationList;
			buildConfigurations = (
				019E19D01D6B277488761652 /* Debug */,
				8B226469B9D461DDBDCBF543 /* Release */,
			);
			defaultConfigurationIsVisible = 0;
			defaultConfigurationName = Release;
		};
		5FFC4EF5A1DA097B2ACBABA7 /* Build configuration list for PBXNativeTarget "PiCK_iOS_ADMINTests" */ = {
			isa = XCConfigurationList;
			buildConfigurations = (
				DAE90E6ADB2588BD2D5B2794 /* Debug */,
				9C98C763501F614F85BFFA1E /* Release */,
			);
			defaultConfigurationIsVisible = 0;
			defaultConfigurationName = Release;
		};
/* End XCConfigurationList section */
	};
	rootObject = C3654F9E493C6B9C7B57F16A /* Project object */;
}
